
Microsoft Visual Studio Solution File, Format Version 12.00
# Visual Studio Version 17
VisualStudioVersion = 17.2.32616.157
MinimumVisualStudioVersion = 10.0.40219.1
Project("{FAE04EC0-301F-11D3-BF4B-00C04F79EFBC}") = "Tetris", "Tetris\Tetris.csproj", "{05B1BFD7-B7BC-4752-8834-0A93B8B7AFB8}"
EndProject
Global
	GlobalSection(SolutionConfigurationPlatforms) = preSolution
		Debug|Any CPU = Debug|Any CPU
		Release|Any CPU = Release|Any CPU
	EndGlobalSection
	GlobalSection(ProjectConfigurationPlatforms) = postSolution
		{05B1BFD7-B7BC-4752-8834-0A93B8B7AFB8}.Debug|Any CPU.ActiveCfg = Debug|Any CPU
		{05B1BFD7-B7BC-4752-8834-0A93B8B7AFB8}.Debug|Any CPU.Build.0 = Debug|Any CPU
		{05B1BFD7-B7BC-4752-8834-0A93B8B7AFB8}.Release|Any CPU.ActiveCfg = Release|Any CPU
		{05B1BFD7-B7BC-4752-8834-0A93B8B7AFB8}.Release|Any CPU.Build.0 = Release|Any CPU
	EndGlobalSection
	GlobalSection(SolutionProperties) = preSolution
		HideSolutionNode = FALSE
	EndGlobalSection
	GlobalSection(ExtensibilityGlobals) = postSolution
		SolutionGuid = {25F39CA9-B475-4E1D-AF02-291B5FF3A61D}
	EndGlobalSection
EndGlobal
